
Microsoft Visual Studio Solution File, Format Version 12.00
# Visual Studio Version 17
VisualStudioVersion = 17.3.32929.385
MinimumVisualStudioVersion = 10.0.40219.1
Project("{FAE04EC0-301F-11D3-BF4B-00C04F79EFBC}") = "Banco-PB", "Banco-PB\Banco-PB.csproj", "{74829257-21A9-4B2F-8E90-0D7B7A1ED4A5}"
EndProject
Global
	GlobalSection(SolutionConfigurationPlatforms) = preSolution
		Debug|Any CPU = Debug|Any CPU
		Release|Any CPU = Release|Any CPU
	EndGlobalSection
	GlobalSection(ProjectConfigurationPlatforms) = postSolution
		{74829257-21A9-4B2F-8E90-0D7B7A1ED4A5}.Debug|Any CPU.ActiveCfg = Debug|Any CPU
		{74829257-21A9-4B2F-8E90-0D7B7A1ED4A5}.Debug|Any CPU.Build.0 = Debug|Any CPU
		{74829257-21A9-4B2F-8E90-0D7B7A1ED4A5}.Release|Any CPU.ActiveCfg = Release|Any CPU
		{74829257-21A9-4B2F-8E90-0D7B7A1ED4A5}.Release|Any CPU.Build.0 = Release|Any CPU
	EndGlobalSection
	GlobalSection(SolutionProperties) = preSolution
		HideSolutionNode = FALSE
	EndGlobalSection
	GlobalSection(ExtensibilityGlobals) = postSolution
		SolutionGuid = {0FF554B3-047B-43B3-AC25-20BCA97E64AA}
	EndGlobalSection
EndGlobal
